
Microsoft Visual Studio Solution File, Format Version 12.00
# Visual Studio Version 16
VisualStudioVersion = 16.0.30104.148
MinimumVisualStudioVersion = 10.0.40219.1
Project("{FAE04EC0-301F-11D3-BF4B-00C04F79EFBC}") = "TacoLoco", "TacoLoco\TacoLoco.csproj", "{B5278CA6-42F3-4F15-80E7-ADE17D499138}"
EndProject
Project("{FAE04EC0-301F-11D3-BF4B-00C04F79EFBC}") = "TacoLocoTest", "TacoLocoTest\TacoLocoTest.csproj", "{8815D35E-5496-4984-B275-509F09BC73DE}"
EndProject
Global
	GlobalSection(SolutionConfigurationPlatforms) = preSolution
		Debug|Any CPU = Debug|Any CPU
		Release|Any CPU = Release|Any CPU
	EndGlobalSection
	GlobalSection(ProjectConfigurationPlatforms) = postSolution
		{B5278CA6-42F3-4F15-80E7-ADE17D499138}.Debug|Any CPU.ActiveCfg = Debug|Any CPU
		{B5278CA6-42F3-4F15-80E7-ADE17D499138}.Debug|Any CPU.Build.0 = Debug|Any CPU
		{B5278CA6-42F3-4F15-80E7-ADE17D499138}.Release|Any CPU.ActiveCfg = Release|Any CPU
		{B5278CA6-42F3-4F15-80E7-ADE17D499138}.Release|Any CPU.Build.0 = Release|Any CPU
		{8815D35E-5496-4984-B275-509F09BC73DE}.Debug|Any CPU.ActiveCfg = Debug|Any CPU
		{8815D35E-5496-4984-B275-509F09BC73DE}.Debug|Any CPU.Build.0 = Debug|Any CPU
		{8815D35E-5496-4984-B275-509F09BC73DE}.Release|Any CPU.ActiveCfg = Release|Any CPU
		{8815D35E-5496-4984-B275-509F09BC73DE}.Release|Any CPU.Build.0 = Release|Any CPU
	EndGlobalSection
	GlobalSection(SolutionProperties) = preSolution
		HideSolutionNode = FALSE
	EndGlobalSection
	GlobalSection(ExtensibilityGlobals) = postSolution
		SolutionGuid = {D3031C19-4E1A-4E7E-A762-39478F4BFFD0}
	EndGlobalSection
EndGlobal
